// !$*UTF8*$!
{
	archiveVersion = 1;
	classes = {
	};
	objectVersion = 50;
	objects = {

/* Begin PBXBuildFile section */
		49DDE40026EC2C1F0018C313 /* AppDelegate.swift in Sources */ = {isa = PBXBuildFile; fileRef = 49DDE3FF26EC2C1F0018C313 /* AppDelegate.swift */; };
		49DDE40226EC2C1F0018C313 /* SceneDelegate.swift in Sources */ = {isa = PBXBuildFile; fileRef = 49DDE40126EC2C1F0018C313 /* SceneDelegate.swift */; };
		49DDE40426EC2C1F0018C313 /* ViewController.swift in Sources */ = {isa = PBXBuildFile; fileRef = 49DDE40326EC2C1F0018C313 /* ViewController.swift */; };
		49DDE40726EC2C1F0018C313 /* Main.storyboard in Resources */ = {isa = PBXBuildFile; fileRef = 49DDE40526EC2C1F0018C313 /* Main.storyboard */; };
		49DDE40926EC2C200018C313 /* Assets.xcassets in Resources */ = {isa = PBXBuildFile; fileRef = 49DDE40826EC2C200018C313 /* Assets.xcassets */; };
		49DDE40C26EC2C200018C313 /* LaunchScreen.storyboard in Resources */ = {isa = PBXBuildFile; fileRef = 49DDE40A26EC2C200018C313 /* LaunchScreen.storyboard */; };
		49DDE41726EC2C200018C313 /* In_ToneTests.swift in Sources */ = {isa = PBXBuildFile; fileRef = 49DDE41626EC2C200018C313 /* In_ToneTests.swift */; };
		49DDE42226EC2C200018C313 /* In_ToneUITests.swift in Sources */ = {isa = PBXBuildFile; fileRef = 49DDE42126EC2C200018C313 /* In_ToneUITests.swift */; };
/* End PBXBuildFile section */

/* Begin PBXContainerItemProxy section */
		49DDE41326EC2C200018C313 /* PBXContainerItemProxy */ = {
			isa = PBXContainerItemProxy;
			containerPortal = 49DDE3F426EC2C1F0018C313 /* Project object */;
			proxyType = 1;
			remoteGlobalIDString = 49DDE3FB26EC2C1F0018C313;
			remoteInfo = In_Tone;
		};
		49DDE41E26EC2C200018C313 /* PBXContainerItemProxy */ = {
			isa = PBXContainerItemProxy;
			containerPortal = 49DDE3F426EC2C1F0018C313 /* Project object */;
			proxyType = 1;
			remoteGlobalIDString = 49DDE3FB26EC2C1F0018C313;
			remoteInfo = In_Tone;
		};
/* End PBXContainerItemProxy section */

/* Begin PBXFileReference section */
		49DDE3FC26EC2C1F0018C313 /* In_Tone.app */ = {isa = PBXFileReference; explicitFileType = wrapper.application; includeInIndex = 0; path = In_Tone.app; sourceTree = BUILT_PRODUCTS_DIR; };
		49DDE3FF26EC2C1F0018C313 /* AppDelegate.swift */ = {isa = PBXFileReference; lastKnownFileType = sourcecode.swift; path = AppDelegate.swift; sourceTree = "<group>"; };
		49DDE40126EC2C1F0018C313 /* SceneDelegate.swift */ = {isa = PBXFileReference; lastKnownFileType = sourcecode.swift; path = SceneDelegate.swift; sourceTree = "<group>"; };
		49DDE40326EC2C1F0018C313 /* ViewController.swift */ = {isa = PBXFileReference; lastKnownFileType = sourcecode.swift; path = ViewController.swift; sourceTree = "<group>"; };
		49DDE40626EC2C1F0018C313 /* Base */ = {isa = PBXFileReference; lastKnownFileType = file.storyboard; name = Base; path = Base.lproj/Main.storyboard; sourceTree = "<group>"; };
		49DDE40826EC2C200018C313 /* Assets.xcassets */ = {isa = PBXFileReference; lastKnownFileType = folder.assetcatalog; path = Assets.xcassets; sourceTree = "<group>"; };
		49DDE40B26EC2C200018C313 /* Base */ = {isa = PBXFileReference; lastKnownFileType = file.storyboard; name = Base; path = Base.lproj/LaunchScreen.storyboard; sourceTree = "<group>"; };
		49DDE40D26EC2C200018C313 /* Info.plist */ = {isa = PBXFileReference; lastKnownFileType = text.plist.xml; path = Info.plist; sourceTree = "<group>"; };
		49DDE41226EC2C200018C313 /* In_ToneTests.xctest */ = {isa = PBXFileReference; explicitFileType = wrapper.cfbundle; includeInIndex = 0; path = In_ToneTests.xctest; sourceTree = BUILT_PRODUCTS_DIR; };
		49DDE41626EC2C200018C313 /* In_ToneTests.swift */ = {isa = PBXFileReference; lastKnownFileType = sourcecode.swift; path = In_ToneTests.swift; sourceTree = "<group>"; };
		49DDE41826EC2C200018C313 /* Info.plist */ = {isa = PBXFileReference; lastKnownFileType = text.plist.xml; path = Info.plist; sourceTree = "<group>"; };
		49DDE41D26EC2C200018C313 /* In_ToneUITests.xctest */ = {isa = PBXFileReference; explicitFileType = wrapper.cfbundle; includeInIndex = 0; path = In_ToneUITests.xctest; sourceTree = BUILT_PRODUCTS_DIR; };
		49DDE42126EC2C200018C313 /* In_ToneUITests.swift */ = {isa = PBXFileReference; lastKnownFileType = sourcecode.swift; path = In_ToneUITests.swift; sourceTree = "<group>"; };
		49DDE42326EC2C200018C313 /* Info.plist */ = {isa = PBXFileReference; lastKnownFileType = text.plist.xml; path = Info.plist; sourceTree = "<group>"; };
/* End PBXFileReference section */

/* Begin PBXFrameworksBuildPhase section */
		49DDE3F926EC2C1F0018C313 /* Frameworks */ = {
			isa = PBXFrameworksBuildPhase;
			buildActionMask = 2147483647;
			files = (
			);
			runOnlyForDeploymentPostprocessing = 0;
		};
		49DDE40F26EC2C200018C313 /* Frameworks */ = {
			isa = PBXFrameworksBuildPhase;
			buildActionMask = 2147483647;
			files = (
			);
			runOnlyForDeploymentPostprocessing = 0;
		};
		49DDE41A26EC2C200018C313 /* Frameworks */ = {
			isa = PBXFrameworksBuildPhase;
			buildActionMask = 2147483647;
			files = (
			);
			runOnlyForDeploymentPostprocessing = 0;
		};
/* End PBXFrameworksBuildPhase section */

/* Begin PBXGroup section */
		49DDE3F326EC2C1F0018C313 = {
			isa = PBXGroup;
			children = (
				49DDE3FE26EC2C1F0018C313 /* In_Tone */,
				49DDE41526EC2C200018C313 /* In_ToneTests */,
				49DDE42026EC2C200018C313 /* In_ToneUITests */,
				49DDE3FD26EC2C1F0018C313 /* Products */,
			);
			sourceTree = "<group>";
		};
		49DDE3FD26EC2C1F0018C313 /* Products */ = {
			isa = PBXGroup;
			children = (
				49DDE3FC26EC2C1F0018C313 /* In_Tone.app */,
				49DDE41226EC2C200018C313 /* In_ToneTests.xctest */,
				49DDE41D26EC2C200018C313 /* In_ToneUITests.xctest */,
			);
			name = Products;
			sourceTree = "<group>";
		};
		49DDE3FE26EC2C1F0018C313 /* In_Tone */ = {
			isa = PBXGroup;
			children = (
				49DDE3FF26EC2C1F0018C313 /* AppDelegate.swift */,
				49DDE40126EC2C1F0018C313 /* SceneDelegate.swift */,
				49DDE40326EC2C1F0018C313 /* ViewController.swift */,
				49DDE40526EC2C1F0018C313 /* Main.storyboard */,
				49DDE40826EC2C200018C313 /* Assets.xcassets */,
				49DDE40A26EC2C200018C313 /* LaunchScreen.storyboard */,
				49DDE40D26EC2C200018C313 /* Info.plist */,
			);
			path = In_Tone;
			sourceTree = "<group>";
		};
		49DDE41526EC2C200018C313 /* In_ToneTests */ = {
			isa = PBXGroup;
			children = (
				49DDE41626EC2C200018C313 /* In_ToneTests.swift */,
				49DDE41826EC2C200018C313 /* Info.plist */,
			);
			path = In_ToneTests;
			sourceTree = "<group>";
		};
		49DDE42026EC2C200018C313 /* In_ToneUITests */ = {
			isa = PBXGroup;
			children = (
				49DDE42126EC2C200018C313 /* In_ToneUITests.swift */,
				49DDE42326EC2C200018C313 /* Info.plist */,
			);
			path = In_ToneUITests;
			sourceTree = "<group>";
		};
/* End PBXGroup section */

/* Begin PBXNativeTarget section */
		49DDE3FB26EC2C1F0018C313 /* In_Tone */ = {
			isa = PBXNativeTarget;
			buildConfigurationList = 49DDE42626EC2C200018C313 /* Build configuration list for PBXNativeTarget "In_Tone" */;
			buildPhases = (
				49DDE3F826EC2C1F0018C313 /* Sources */,
				49DDE3F926EC2C1F0018C313 /* Frameworks */,
				49DDE3FA26EC2C1F0018C313 /* Resources */,
			);
			buildRules = (
			);
			dependencies = (
			);
			name = In_Tone;
			productName = In_Tone;
			productReference = 49DDE3FC26EC2C1F0018C313 /* In_Tone.app */;
			productType = "com.apple.product-type.application";
		};
		49DDE41126EC2C200018C313 /* In_ToneTests */ = {
			isa = PBXNativeTarget;
			buildConfigurationList = 49DDE42926EC2C200018C313 /* Build configuration list for PBXNativeTarget "In_ToneTests" */;
			buildPhases = (
				49DDE40E26EC2C200018C313 /* Sources */,
				49DDE40F26EC2C200018C313 /* Frameworks */,
				49DDE41026EC2C200018C313 /* Resources */,
			);
			buildRules = (
			);
			dependencies = (
				49DDE41426EC2C200018C313 /* PBXTargetDependency */,
			);
			name = In_ToneTests;
			productName = In_ToneTests;
			productReference = 49DDE41226EC2C200018C313 /* In_ToneTests.xctest */;
			productType = "com.apple.product-type.bundle.unit-test";
		};
		49DDE41C26EC2C200018C313 /* In_ToneUITests */ = {
			isa = PBXNativeTarget;
			buildConfigurationList = 49DDE42C26EC2C200018C313 /* Build configuration list for PBXNativeTarget "In_ToneUITests" */;
			buildPhases = (
				49DDE41926EC2C200018C313 /* Sources */,
				49DDE41A26EC2C200018C313 /* Frameworks */,
				49DDE41B26EC2C200018C313 /* Resources */,
			);
			buildRules = (
			);
			dependencies = (
				49DDE41F26EC2C200018C313 /* PBXTargetDependency */,
			);
			name = In_ToneUITests;
			productName = In_ToneUITests;
			productReference = 49DDE41D26EC2C200018C313 /* In_ToneUITests.xctest */;
			productType = "com.apple.product-type.bundle.ui-testing";
		};
/* End PBXNativeTarget section */

/* Begin PBXProject section */
		49DDE3F426EC2C1F0018C313 /* Project object */ = {
			isa = PBXProject;
			attributes = {
				LastSwiftUpdateCheck = 1250;
				LastUpgradeCheck = 1250;
				TargetAttributes = {
					49DDE3FB26EC2C1F0018C313 = {
						CreatedOnToolsVersion = 12.5.1;
					};
					49DDE41126EC2C200018C313 = {
						CreatedOnToolsVersion = 12.5.1;
						TestTargetID = 49DDE3FB26EC2C1F0018C313;
					};
					49DDE41C26EC2C200018C313 = {
						CreatedOnToolsVersion = 12.5.1;
						TestTargetID = 49DDE3FB26EC2C1F0018C313;
					};
				};
			};
			buildConfigurationList = 49DDE3F726EC2C1F0018C313 /* Build configuration list for PBXProject "In_Tone" */;
			compatibilityVersion = "Xcode 9.3";
			developmentRegion = en;
			hasScannedForEncodings = 0;
			knownRegions = (
				en,
				Base,
			);
			mainGroup = 49DDE3F326EC2C1F0018C313;
			productRefGroup = 49DDE3FD26EC2C1F0018C313 /* Products */;
			projectDirPath = "";
			projectRoot = "";
			targets = (
				49DDE3FB26EC2C1F0018C313 /* In_Tone */,
				49DDE41126EC2C200018C313 /* In_ToneTests */,
				49DDE41C26EC2C200018C313 /* In_ToneUITests */,
			);
		};
/* End PBXProject section */

/* Begin PBXResourcesBuildPhase section */
		49DDE3FA26EC2C1F0018C313 /* Resources */ = {
			isa = PBXResourcesBuildPhase;
			buildActionMask = 2147483647;
			files = (
				49DDE40C26EC2C200018C313 /* LaunchScreen.storyboard in Resources */,
				49DDE40926EC2C200018C313 /* Assets.xcassets in Resources */,
				49DDE40726EC2C1F0018C313 /* Main.storyboard in Resources */,
			);
			runOnlyForDeploymentPostprocessing = 0;
		};
		49DDE41026EC2C200018C313 /* Resources */ = {
			isa = PBXResourcesBuildPhase;
			buildActionMask = 2147483647;
			files = (
			);
			runOnlyForDeploymentPostprocessing = 0;
		};
		49DDE41B26EC2C200018C313 /* Resources */ = {
			isa = PBXResourcesBuildPhase;
			buildActionMask = 2147483647;
			files = (
			);
			runOnlyForDeploymentPostprocessing = 0;
		};
/* End PBXResourcesBuildPhase section */

/* Begin PBXSourcesBuildPhase section */
		49DDE3F826EC2C1F0018C313 /* Sources */ = {
			isa = PBXSourcesBuildPhase;
			buildActionMask = 2147483647;
			files = (
				49DDE40426EC2C1F0018C313 /* ViewController.swift in Sources */,
				49DDE40026EC2C1F0018C313 /* AppDelegate.swift in Sources */,
				49DDE40226EC2C1F0018C313 /* SceneDelegate.swift in Sources */,
			);
			runOnlyForDeploymentPostprocessing = 0;
		};
		49DDE40E26EC2C200018C313 /* Sources */ = {
			isa = PBXSourcesBuildPhase;
			buildActionMask = 2147483647;
			files = (
				49DDE41726EC2C200018C313 /* In_ToneTests.swift in Sources */,
			);
			runOnlyForDeploymentPostprocessing = 0;
		};
		49DDE41926EC2C200018C313 /* Sources */ = {
			isa = PBXSourcesBuildPhase;
			buildActionMask = 2147483647;
			files = (
				49DDE42226EC2C200018C313 /* In_ToneUITests.swift in Sources */,
			);
			runOnlyForDeploymentPostprocessing = 0;
		};
/* End PBXSourcesBuildPhase section */

/* Begin PBXTargetDependency section */
		49DDE41426EC2C200018C313 /* PBXTargetDependency */ = {
			isa = PBXTargetDependency;
			target = 49DDE3FB26EC2C1F0018C313 /* In_Tone */;
			targetProxy = 49DDE41326EC2C200018C313 /* PBXContainerItemProxy */;
		};
		49DDE41F26EC2C200018C313 /* PBXTargetDependency */ = {
			isa = PBXTargetDependency;
			target = 49DDE3FB26EC2C1F0018C313 /* In_Tone */;
			targetProxy = 49DDE41E26EC2C200018C313 /* PBXContainerItemProxy */;
		};
/* End PBXTargetDependency section */

/* Begin PBXVariantGroup section */
		49DDE40526EC2C1F0018C313 /* Main.storyboard */ = {
			isa = PBXVariantGroup;
			children = (
				49DDE40626EC2C1F0018C313 /* Base */,
			);
			name = Main.storyboard;
			sourceTree = "<group>";
		};
		49DDE40A26EC2C200018C313 /* LaunchScreen.storyboard */ = {
			isa = PBXVariantGroup;
			children = (
				49DDE40B26EC2C200018C313 /* Base */,
			);
			name = LaunchScreen.storyboard;
			sourceTree = "<group>";
		};
/* End PBXVariantGroup section */

/* Begin XCBuildConfiguration section */
		49DDE42426EC2C200018C313 /* Debug */ = {
			isa = XCBuildConfiguration;
			buildSettings = {
				ALWAYS_SEARCH_USER_PATHS = NO;
				CLANG_ANALYZER_NONNULL = YES;
				CLANG_ANALYZER_NUMBER_OBJECT_CONVERSION = YES_AGGRESSIVE;
				CLANG_CXX_LANGUAGE_STANDARD = "gnu++14";
				CLANG_CXX_LIBRARY = "libc++";
				CLANG_ENABLE_MODULES = YES;
				CLANG_ENABLE_OBJC_ARC = YES;
				CLANG_ENABLE_OBJC_WEAK = YES;
				CLANG_WARN_BLOCK_CAPTURE_AUTORELEASING = YES;
				CLANG_WARN_BOOL_CONVERSION = YES;
				CLANG_WARN_COMMA = YES;
				CLANG_WARN_CONSTANT_CONVERSION = YES;
				CLANG_WARN_DEPRECATED_OBJC_IMPLEMENTATIONS = YES;
				CLANG_WARN_DIRECT_OBJC_ISA_USAGE = YES_ERROR;
				CLANG_WARN_DOCUMENTATION_COMMENTS = YES;
				CLANG_WARN_EMPTY_BODY = YES;
				CLANG_WARN_ENUM_CONVERSION = YES;
				CLANG_WARN_INFINITE_RECURSION = YES;
				CLANG_WARN_INT_CONVERSION = YES;
				CLANG_WARN_NON_LITERAL_NULL_CONVERSION = YES;
				CLANG_WARN_OBJC_IMPLICIT_RETAIN_SELF = YES;
				CLANG_WARN_OBJC_LITERAL_CONVERSION = YES;
				CLANG_WARN_OBJC_ROOT_CLASS = YES_ERROR;
				CLANG_WARN_QUOTED_INCLUDE_IN_FRAMEWORK_HEADER = YES;
				CLANG_WARN_RANGE_LOOP_ANALYSIS = YES;
				CLANG_WARN_STRICT_PROTOTYPES = YES;
				CLANG_WARN_SUSPICIOUS_MOVE = YES;
				CLANG_WARN_UNGUARDED_AVAILABILITY = YES_AGGRESSIVE;
				CLANG_WARN_UNREACHABLE_CODE = YES;
				CLANG_WARN__DUPLICATE_METHOD_MATCH = YES;
				COPY_PHASE_STRIP = NO;
				DEBUG_INFORMATION_FORMAT = dwarf;
				ENABLE_STRICT_OBJC_MSGSEND = YES;
				ENABLE_TESTABILITY = YES;
				GCC_C_LANGUAGE_STANDARD = gnu11;
				GCC_DYNAMIC_NO_PIC = NO;
				GCC_NO_COMMON_BLOCKS = YES;
				GCC_OPTIMIZATION_LEVEL = 0;
				GCC_PREPROCESSOR_DEFINITIONS = (
					"DEBUG=1",
					"$(inherited)",
				);
				GCC_WARN_64_TO_32_BIT_CONVERSION = YES;
				GCC_WARN_ABOUT_RETURN_TYPE = YES_ERROR;
				GCC_WARN_UNDECLARED_SELECTOR = YES;
				GCC_WARN_UNINITIALIZED_AUTOS = YES_AGGRESSIVE;
				GCC_WARN_UNUSED_FUNCTION = YES;
				GCC_WARN_UNUSED_VARIABLE = YES;
				IPHONEOS_DEPLOYMENT_TARGET = 14.5;
				MTL_ENABLE_DEBUG_INFO = INCLUDE_SOURCE;
				MTL_FAST_MATH = YES;
				ONLY_ACTIVE_ARCH = YES;
				SDKROOT = iphoneos;
				SWIFT_ACTIVE_COMPILATION_CONDITIONS = DEBUG;
				SWIFT_OPTIMIZATION_LEVEL = "-Onone";
			};
			name = Debug;
		};
		49DDE42526EC2C200018C313 /* Release */ = {
			isa = XCBuildConfiguration;
			buildSettings = {
				ALWAYS_SEARCH_USER_PATHS = NO;
				CLANG_ANALYZER_NONNULL = YES;
				CLANG_ANALYZER_NUMBER_OBJECT_CONVERSION = YES_AGGRESSIVE;
				CLANG_CXX_LANGUAGE_STANDARD = "gnu++14";
				CLANG_CXX_LIBRARY = "libc++";
				CLANG_ENABLE_MODULES = YES;
				CLANG_ENABLE_OBJC_ARC = YES;
				CLANG_ENABLE_OBJC_WEAK = YES;
				CLANG_WARN_BLOCK_CAPTURE_AUTORELEASING = YES;
				CLANG_WARN_BOOL_CONVERSION = YES;
				CLANG_WARN_COMMA = YES;
				CLANG_WARN_CONSTANT_CONVERSION = YES;
				CLANG_WARN_DEPRECATED_OBJC_IMPLEMENTATIONS = YES;
				CLANG_WARN_DIRECT_OBJC_ISA_USAGE = YES_ERROR;
				CLANG_WARN_DOCUMENTATION_COMMENTS = YES;
				CLANG_WARN_EMPTY_BODY = YES;
				CLANG_WARN_ENUM_CONVERSION = YES;
				CLANG_WARN_INFINITE_RECURSION = YES;
				CLANG_WARN_INT_CONVERSION = YES;
				CLANG_WARN_NON_LITERAL_NULL_CONVERSION = YES;
				CLANG_WARN_OBJC_IMPLICIT_RETAIN_SELF = YES;
				CLANG_WARN_OBJC_LITERAL_CONVERSION = YES;
				CLANG_WARN_OBJC_ROOT_CLASS = YES_ERROR;
				CLANG_WARN_QUOTED_INCLUDE_IN_FRAMEWORK_HEADER = YES;
				CLANG_WARN_RANGE_LOOP_ANALYSIS = YES;
				CLANG_WARN_STRICT_PROTOTYPES = YES;
				CLANG_WARN_SUSPICIOUS_MOVE = YES;
				CLANG_WARN_UNGUARDED_AVAILABILITY = YES_AGGRESSIVE;
				CLANG_WARN_UNREACHABLE_CODE = YES;
				CLANG_WARN__DUPLICATE_METHOD_MATCH = YES;
				COPY_PHASE_STRIP = NO;
				DEBUG_INFORMATION_FORMAT = "dwarf-with-dsym";
				ENABLE_NS_ASSERTIONS = NO;
				ENABLE_STRICT_OBJC_MSGSEND = YES;
				GCC_C_LANGUAGE_STANDARD = gnu11;
				GCC_NO_COMMON_BLOCKS = YES;
				GCC_WARN_64_TO_32_BIT_CONVERSION = YES;
				GCC_WARN_ABOUT_RETURN_TYPE = YES_ERROR;
				GCC_WARN_UNDECLARED_SELECTOR = YES;
				GCC_WARN_UNINITIALIZED_AUTOS = YES_AGGRESSIVE;
				GCC_WARN_UNUSED_FUNCTION = YES;
				GCC_WARN_UNUSED_VARIABLE = YES;
				IPHONEOS_DEPLOYMENT_TARGET = 14.5;
				MTL_ENABLE_DEBUG_INFO = NO;
				MTL_FAST_MATH = YES;
				SDKROOT = iphoneos;
				SWIFT_COMPILATION_MODE = wholemodule;
				SWIFT_OPTIMIZATION_LEVEL = "-O";
				VALIDATE_PRODUCT = YES;
			};
			name = Release;
		};
		49DDE42726EC2C200018C313 /* Debug */ = {
			isa = XCBuildConfiguration;
			buildSettings = {
				ASSETCATALOG_COMPILER_APPICON_NAME = AppIcon;
				ASSETCATALOG_COMPILER_GLOBAL_ACCENT_COLOR_NAME = AccentColor;
				CODE_SIGN_STYLE = Automatic;
				DEVELOPMENT_TEAM = TQX5HN7664;
				INFOPLIST_FILE = In_Tone/Info.plist;
				LD_RUNPATH_SEARCH_PATHS = (
					"$(inherited)",
					"@executable_path/Frameworks",
				);
				PRODUCT_BUNDLE_IDENTIFIER = "https---matthias-holewa.github.io-.In-Tone";
				PRODUCT_NAME = "$(TARGET_NAME)";
				SWIFT_VERSION = 5.0;
				TARGETED_DEVICE_FAMILY = "1,2";
			};
			name = Debug;
		};
		49DDE42826EC2C200018C313 /* Release */ = {
			isa = XCBuildConfiguration;
			buildSettings = {
				ASSETCATALOG_COMPILER_APPICON_NAME = AppIcon;
				ASSETCATALOG_COMPILER_GLOBAL_ACCENT_COLOR_NAME = AccentColor;
				CODE_SIGN_STYLE = Automatic;
				DEVELOPMENT_TEAM = TQX5HN7664;
				INFOPLIST_FILE = In_Tone/Info.plist;
				LD_RUNPATH_SEARCH_PATHS = (
					"$(inherited)",
					"@executable_path/Frameworks",
				);
				PRODUCT_BUNDLE_IDENTIFIER = "https---matthias-holewa.github.io-.In-Tone";
				PRODUCT_NAME = "$(TARGET_NAME)";
				SWIFT_VERSION = 5.0;
				TARGETED_DEVICE_FAMILY = "1,2";
			};
			name = Release;
		};
		49DDE42A26EC2C200018C313 /* Debug */ = {
			isa = XCBuildConfiguration;
			buildSettings = {
				ALWAYS_EMBED_SWIFT_STANDARD_LIBRARIES = YES;
				BUNDLE_LOADER = "$(TEST_HOST)";
				CODE_SIGN_STYLE = Automatic;
				DEVELOPMENT_TEAM = TQX5HN7664;
				INFOPLIST_FILE = In_ToneTests/Info.plist;
				IPHONEOS_DEPLOYMENT_TARGET = 14.5;
				LD_RUNPATH_SEARCH_PATHS = (
					"$(inherited)",
					"@executable_path/Frameworks",
					"@loader_path/Frameworks",
				);
				PRODUCT_BUNDLE_IDENTIFIER = "https---matthias-holewa.github.io-.In-ToneTests";
				PRODUCT_NAME = "$(TARGET_NAME)";
				SWIFT_VERSION = 5.0;
				TARGETED_DEVICE_FAMILY = "1,2";
				TEST_HOST = "$(BUILT_PRODUCTS_DIR)/In_Tone.app/In_Tone";
			};
			name = Debug;
		};
		49DDE42B26EC2C200018C313 /* Release */ = {
			isa = XCBuildConfiguration;
			buildSettings = {
				ALWAYS_EMBED_SWIFT_STANDARD_LIBRARIES = YES;
				BUNDLE_LOADER = "$(TEST_HOST)";
				CODE_SIGN_STYLE = Automatic;
				DEVELOPMENT_TEAM = TQX5HN7664;
				INFOPLIST_FILE = In_ToneTests/Info.plist;
				IPHONEOS_DEPLOYMENT_TARGET = 14.5;
				LD_RUNPATH_SEARCH_PATHS = (
					"$(inherited)",
					"@executable_path/Frameworks",
					"@loader_path/Frameworks",
				);
				PRODUCT_BUNDLE_IDENTIFIER = "https---matthias-holewa.github.io-.In-ToneTests";
				PRODUCT_NAME = "$(TARGET_NAME)";
				SWIFT_VERSION = 5.0;
				TARGETED_DEVICE_FAMILY = "1,2";
				TEST_HOST = "$(BUILT_PRODUCTS_DIR)/In_Tone.app/In_Tone";
			};
			name = Release;
		};
		49DDE42D26EC2C200018C313 /* Debug */ = {
			isa = XCBuildConfiguration;
			buildSettings = {
				ALWAYS_EMBED_SWIFT_STANDARD_LIBRARIES = YES;
				CODE_SIGN_STYLE = Automatic;
				DEVELOPMENT_TEAM = TQX5HN7664;
				INFOPLIST_FILE = In_ToneUITests/Info.plist;
				LD_RUNPATH_SEARCH_PATHS = (
					"$(inherited)",
					"@executable_path/Frameworks",
					"@loader_path/Frameworks",
				);
				PRODUCT_BUNDLE_IDENTIFIER = "https---matthias-holewa.github.io-.In-ToneUITests";
				PRODUCT_NAME = "$(TARGET_NAME)";
				SWIFT_VERSION = 5.0;
				TARGETED_DEVICE_FAMILY = "1,2";
				TEST_TARGET_NAME = In_Tone;
			};
			name = Debug;
		};
		49DDE42E26EC2C200018C313 /* Release */ = {
			isa = XCBuildConfiguration;
			buildSettings = {
				ALWAYS_EMBED_SWIFT_STANDARD_LIBRARIES = YES;
				CODE_SIGN_STYLE = Automatic;
				DEVELOPMENT_TEAM = TQX5HN7664;
				INFOPLIST_FILE = In_ToneUITests/Info.plist;
				LD_RUNPATH_SEARCH_PATHS = (
					"$(inherited)",
					"@executable_path/Frameworks",
					"@loader_path/Frameworks",
				);
				PRODUCT_BUNDLE_IDENTIFIER = "https---matthias-holewa.github.io-.In-ToneUITests";
				PRODUCT_NAME = "$(TARGET_NAME)";
				SWIFT_VERSION = 5.0;
				TARGETED_DEVICE_FAMILY = "1,2";
				TEST_TARGET_NAME = In_Tone;
			};
			name = Release;
		};
/* End XCBuildConfiguration section */

/* Begin XCConfigurationList section */
		49DDE3F726EC2C1F0018C313 /* Build configuration list for PBXProject "In_Tone" */ = {
			isa = XCConfigurationList;
			buildConfigurations = (
				49DDE42426EC2C200018C313 /* Debug */,
				49DDE42526EC2C200018C313 /* Release */,
			);
			defaultConfigurationIsVisible = 0;
			defaultConfigurationName = Release;
		};
		49DDE42626EC2C200018C313 /* Build configuration list for PBXNativeTarget "In_Tone" */ = {
			isa = XCConfigurationList;
			buildConfigurations = (
				49DDE42726EC2C200018C313 /* Debug */,
				49DDE42826EC2C200018C313 /* Release */,
			);
			defaultConfigurationIsVisible = 0;
			defaultConfigurationName = Release;
		};
		49DDE42926EC2C200018C313 /* Build configuration list for PBXNativeTarget "In_ToneTests" */ = {
			isa = XCConfigurationList;
			buildConfigurations = (
				49DDE42A26EC2C200018C313 /* Debug */,
				49DDE42B26EC2C200018C313 /* Release */,
			);
			defaultConfigurationIsVisible = 0;
			defaultConfigurationName = Release;
		};
		49DDE42C26EC2C200018C313 /* Build configuration list for PBXNativeTarget "In_ToneUITests" */ = {
			isa = XCConfigurationList;
			buildConfigurations = (
				49DDE42D26EC2C200018C313 /* Debug */,
				49DDE42E26EC2C200018C313 /* Release */,
			);
			defaultConfigurationIsVisible = 0;
			defaultConfigurationName = Release;
		};
/* End XCConfigurationList section */
	};
	rootObject = 49DDE3F426EC2C1F0018C313 /* Project object */;
}
